// !$*UTF8*$!
{
	archiveVersion = 1;
	classes = {
	};
	objectVersion = 50;
	objects = {

/* Begin PBXBuildFile section */
		9A29D00F28BCB92C00B339A6 /* FeatureToggle.swift in Sources */ = {isa = PBXBuildFile; fileRef = 9A29D00E28BCB92C00B339A6 /* FeatureToggle.swift */; };
		9A29D01128BCC29800B339A6 /* Feature.swift in Sources */ = {isa = PBXBuildFile; fileRef = 9A29D01028BCC29800B339A6 /* Feature.swift */; };
		9A29D01528BCC3F200B339A6 /* FeatureToggleProvider.swift in Sources */ = {isa = PBXBuildFile; fileRef = 9A29D01428BCC3F200B339A6 /* FeatureToggleProvider.swift */; };
		9A29D01728BCC67000B339A6 /* RemoteFeatureToggleProvider.swift in Sources */ = {isa = PBXBuildFile; fileRef = 9A29D01628BCC66F00B339A6 /* RemoteFeatureToggleProvider.swift */; };
		9A29D01D28BD0B3800B339A6 /* LocalFeatureToggleProvider.swift in Sources */ = {isa = PBXBuildFile; fileRef = 9A29D01C28BD0B3800B339A6 /* LocalFeatureToggleProvider.swift */; };
		9A29D01F28BD0B9200B339A6 /* Toggles.plist in Resources */ = {isa = PBXBuildFile; fileRef = 9A29D01E28BD0B9200B339A6 /* Toggles.plist */; };
		9A29D02128BD0F8F00B339A6 /* FeatureToggleFacade.swift in Sources */ = {isa = PBXBuildFile; fileRef = 9A29D02028BD0F8F00B339A6 /* FeatureToggleFacade.swift */; };
		9A29D02328BD131500B339A6 /* RemoteFeatureToggleService.swift in Sources */ = {isa = PBXBuildFile; fileRef = 9A29D02228BD131500B339A6 /* RemoteFeatureToggleService.swift */; };
		9A29D02828BDDF2400B339A6 /* ServiceLocator.swift in Sources */ = {isa = PBXBuildFile; fileRef = 9A29D02728BDDF2300B339A6 /* ServiceLocator.swift */; };
		9A29D02A28BDE9BC00B339A6 /* ServiceLocating.swift in Sources */ = {isa = PBXBuildFile; fileRef = 9A29D02928BDE9BC00B339A6 /* ServiceLocating.swift */; };
		9A29D02D28BF2EDF00B339A6 /* UIColor.swift in Sources */ = {isa = PBXBuildFile; fileRef = 9A29D02C28BF2EDF00B339A6 /* UIColor.swift */; };
		9A29D02F28BF327600B339A6 /* SplashController.swift in Sources */ = {isa = PBXBuildFile; fileRef = 9A29D02E28BF327600B339A6 /* SplashController.swift */; };
		9A31B63329015E1700F23A8A /* DIContainer.swift in Sources */ = {isa = PBXBuildFile; fileRef = 9A31B63229015E1700F23A8A /* DIContainer.swift */; };
		9A31B6372901622200F23A8A /* PromoXL.swift in Sources */ = {isa = PBXBuildFile; fileRef = 9A31B6362901622200F23A8A /* PromoXL.swift */; };
		9A38644928ACCA870055C905 /* CartFactory.swift in Sources */ = {isa = PBXBuildFile; fileRef = 9A38644628ACCA870055C905 /* CartFactory.swift */; };
		9A38644A28ACCA870055C905 /* CartController.swift in Sources */ = {isa = PBXBuildFile; fileRef = 9A38644728ACCA870055C905 /* CartController.swift */; };
		9A38644B28ACCA870055C905 /* CartCoordinator.swift in Sources */ = {isa = PBXBuildFile; fileRef = 9A38644828ACCA870055C905 /* CartCoordinator.swift */; };
		9A38645028ACCA940055C905 /* UserProfileController.swift in Sources */ = {isa = PBXBuildFile; fileRef = 9A38644D28ACCA940055C905 /* UserProfileController.swift */; };
		9A38645128ACCA940055C905 /* UserProfileCoordinator.swift in Sources */ = {isa = PBXBuildFile; fileRef = 9A38644E28ACCA940055C905 /* UserProfileCoordinator.swift */; };
		9A38645228ACCA940055C905 /* UserProfileFactory.swift in Sources */ = {isa = PBXBuildFile; fileRef = 9A38644F28ACCA940055C905 /* UserProfileFactory.swift */; };
		9A38645928ACD1320055C905 /* HomeViewModel.swift in Sources */ = {isa = PBXBuildFile; fileRef = 9A38645828ACD1320055C905 /* HomeViewModel.swift */; };
		9A38645C28ACD4230055C905 /* HomeItemCell.swift in Sources */ = {isa = PBXBuildFile; fileRef = 9A38645B28ACD4230055C905 /* HomeItemCell.swift */; };
		9A69D63228AF6E0200142778 /* ApiService.swift in Sources */ = {isa = PBXBuildFile; fileRef = 9A69D63128AF6E0200142778 /* ApiService.swift */; };
		9A69D63528AF6FAF00142778 /* ApiServiceProvider.swift in Sources */ = {isa = PBXBuildFile; fileRef = 9A69D63428AF6FAF00142778 /* ApiServiceProvider.swift */; };
		9A69D63B28AF8F9100142778 /* ProductsService.swift in Sources */ = {isa = PBXBuildFile; fileRef = 9A69D63A28AF8F9100142778 /* ProductsService.swift */; };
		9A69D64028B34AE400142778 /* CatalogViewModel.swift in Sources */ = {isa = PBXBuildFile; fileRef = 9A69D63F28B34AE400142778 /* CatalogViewModel.swift */; };
		9A69D64328B351DA00142778 /* ProductCell.swift in Sources */ = {isa = PBXBuildFile; fileRef = 9A69D64228B351DA00142778 /* ProductCell.swift */; };
		9A69D64528B353A800142778 /* IdentifierCell.swift in Sources */ = {isa = PBXBuildFile; fileRef = 9A69D64428B353A800142778 /* IdentifierCell.swift */; };
		9AC5E07128ACE70D0088DD3E /* UIView.swift in Sources */ = {isa = PBXBuildFile; fileRef = 9AC5E07028ACE70D0088DD3E /* UIView.swift */; };
		9ADEE4F428D05EAD00712D2A /* Logger.swift in Sources */ = {isa = PBXBuildFile; fileRef = 9ADEE4F328D05EAD00712D2A /* Logger.swift */; };
		9ADEE4FE28D0601200712D2A /* HomeTests.swift in Sources */ = {isa = PBXBuildFile; fileRef = 9ADEE4FD28D0601200712D2A /* HomeTests.swift */; };
		9ADEE50728D0621300712D2A /* HomeItemCell.swift in Sources */ = {isa = PBXBuildFile; fileRef = 9A38645B28ACD4230055C905 /* HomeItemCell.swift */; };
		9ADEE50828D0621300712D2A /* HomeViewModel.swift in Sources */ = {isa = PBXBuildFile; fileRef = 9A38645828ACD1320055C905 /* HomeViewModel.swift */; };
		9ADEE50928D0621300712D2A /* HomeCoordinator.swift in Sources */ = {isa = PBXBuildFile; fileRef = CE6B422E28AA2C7100A97D05 /* HomeCoordinator.swift */; };
		9ADEE50A28D0621300712D2A /* HomeController.swift in Sources */ = {isa = PBXBuildFile; fileRef = CE9B57C528A62FB70063AC8A /* HomeController.swift */; };
		9ADEE50B28D0621300712D2A /* HomeFactory.swift in Sources */ = {isa = PBXBuildFile; fileRef = CE9B57C328A62C930063AC8A /* HomeFactory.swift */; };
		9ADEE50C28D0621E00712D2A /* UIView.swift in Sources */ = {isa = PBXBuildFile; fileRef = 9AC5E07028ACE70D0088DD3E /* UIView.swift */; };
		9ADEE50D28D0621E00712D2A /* UIColor.swift in Sources */ = {isa = PBXBuildFile; fileRef = 9A29D02C28BF2EDF00B339A6 /* UIColor.swift */; };
		9ADEE50E28D0623000712D2A /* AppDelegate.swift in Sources */ = {isa = PBXBuildFile; fileRef = CE9B579F28A57FA10063AC8A /* AppDelegate.swift */; };
		9ADEE50F28D0623000712D2A /* SceneDelegate.swift in Sources */ = {isa = PBXBuildFile; fileRef = CE9B57A128A57FA10063AC8A /* SceneDelegate.swift */; };
		9ADEE51028D0623000712D2A /* Assets.xcassets in Sources */ = {isa = PBXBuildFile; fileRef = CE9B57A828A57FA20063AC8A /* Assets.xcassets */; };
		9ADEE51128D0623000712D2A /* LaunchScreen.storyboard in Sources */ = {isa = PBXBuildFile; fileRef = CE9B57AA28A57FA20063AC8A /* LaunchScreen.storyboard */; };
		9ADEE51328D0623000712D2A /* Toggles.plist in Sources */ = {isa = PBXBuildFile; fileRef = 9A29D01E28BD0B9200B339A6 /* Toggles.plist */; };
		9ADEE51428D0623000712D2A /* Coordinator.swift in Sources */ = {isa = PBXBuildFile; fileRef = CE6B422428AA195900A97D05 /* Coordinator.swift */; };
		9ADEE51528D0623000712D2A /* ModuleFactory.swift in Sources */ = {isa = PBXBuildFile; fileRef = CE9B57BD28A61D970063AC8A /* ModuleFactory.swift */; };
		9ADEE51628D0623000712D2A /* IdentifierCell.swift in Sources */ = {isa = PBXBuildFile; fileRef = 9A69D64428B353A800142778 /* IdentifierCell.swift */; };
		9ADEE51728D0623000712D2A /* AppCoordinator.swift in Sources */ = {isa = PBXBuildFile; fileRef = CE6B422628AA19DB00A97D05 /* AppCoordinator.swift */; };
		9ADEE51828D0623000712D2A /* ModuleBuilder.swift in Sources */ = {isa = PBXBuildFile; fileRef = CE9B57C728A63D9C0063AC8A /* ModuleBuilder.swift */; };
		9ADEE51928D0623000712D2A /* Logger.swift in Sources */ = {isa = PBXBuildFile; fileRef = 9ADEE4F328D05EAD00712D2A /* Logger.swift */; };
		9ADEE51A28D0623000712D2A /* ServiceLocating.swift in Sources */ = {isa = PBXBuildFile; fileRef = 9A29D02928BDE9BC00B339A6 /* ServiceLocating.swift */; };
		9ADEE51B28D0623000712D2A /* ServiceLocator.swift in Sources */ = {isa = PBXBuildFile; fileRef = 9A29D02728BDDF2300B339A6 /* ServiceLocator.swift */; };
		9ADEE51D28D0623000712D2A /* RemoteFeatureToggleProvider.swift in Sources */ = {isa = PBXBuildFile; fileRef = 9A29D01628BCC66F00B339A6 /* RemoteFeatureToggleProvider.swift */; };
		9ADEE51E28D0623000712D2A /* RemoteFeatureToggleService.swift in Sources */ = {isa = PBXBuildFile; fileRef = 9A29D02228BD131500B339A6 /* RemoteFeatureToggleService.swift */; };
		9ADEE51F28D0623000712D2A /* Feature.swift in Sources */ = {isa = PBXBuildFile; fileRef = 9A29D01028BCC29800B339A6 /* Feature.swift */; };
		9ADEE52028D0623000712D2A /* FeatureToggle.swift in Sources */ = {isa = PBXBuildFile; fileRef = 9A29D00E28BCB92C00B339A6 /* FeatureToggle.swift */; };
		9ADEE52128D0623000712D2A /* FeatureToggleProvider.swift in Sources */ = {isa = PBXBuildFile; fileRef = 9A29D01428BCC3F200B339A6 /* FeatureToggleProvider.swift */; };
		9ADEE52228D0623000712D2A /* FeatureToggleFacade.swift in Sources */ = {isa = PBXBuildFile; fileRef = 9A29D02028BD0F8F00B339A6 /* FeatureToggleFacade.swift */; };
		9ADEE52428D0623100712D2A /* ProductsService.swift in Sources */ = {isa = PBXBuildFile; fileRef = 9A69D63A28AF8F9100142778 /* ProductsService.swift */; };
		9ADEE52528D0623100712D2A /* ApiService.swift in Sources */ = {isa = PBXBuildFile; fileRef = 9A69D63128AF6E0200142778 /* ApiService.swift */; };
		9ADEE52628D0623100712D2A /* ApiServiceProvider.swift in Sources */ = {isa = PBXBuildFile; fileRef = 9A69D63428AF6FAF00142778 /* ApiServiceProvider.swift */; };
		9ADEE52728D0623100712D2A /* SplashController.swift in Sources */ = {isa = PBXBuildFile; fileRef = 9A29D02E28BF327600B339A6 /* SplashController.swift */; };
		9ADEE52828D0623100712D2A /* TabBarCoordinator.swift in Sources */ = {isa = PBXBuildFile; fileRef = CE6B422A28AA271C00A97D05 /* TabBarCoordinator.swift */; };
		9ADEE52928D0623100712D2A /* TabBarController.swift in Sources */ = {isa = PBXBuildFile; fileRef = CE6B422C28AA272F00A97D05 /* TabBarController.swift */; };
		9ADEE52A28D0623100712D2A /* HomeInfoCoordinator.swift in Sources */ = {isa = PBXBuildFile; fileRef = CE6B423328AA4DAA00A97D05 /* HomeInfoCoordinator.swift */; };
		9ADEE52B28D0623100712D2A /* HomeInfoController.swift in Sources */ = {isa = PBXBuildFile; fileRef = CE6B423528AA4DC200A97D05 /* HomeInfoController.swift */; };
		9ADEE52C28D0623100712D2A /* ProductCell.swift in Sources */ = {isa = PBXBuildFile; fileRef = 9A69D64228B351DA00142778 /* ProductCell.swift */; };
		9ADEE52D28D0623100712D2A /* CatalogViewModel.swift in Sources */ = {isa = PBXBuildFile; fileRef = 9A69D63F28B34AE400142778 /* CatalogViewModel.swift */; };
		9ADEE52E28D0623100712D2A /* CatalogCoordinator.swift in Sources */ = {isa = PBXBuildFile; fileRef = CE6B423028AA3D5F00A97D05 /* CatalogCoordinator.swift */; };
		9ADEE52F28D0623100712D2A /* CatalogController.swift in Sources */ = {isa = PBXBuildFile; fileRef = CE9B57A328A57FA10063AC8A /* CatalogController.swift */; };
		9ADEE53028D0623100712D2A /* CatalogFactory.swift in Sources */ = {isa = PBXBuildFile; fileRef = CE9B57BF28A61DF30063AC8A /* CatalogFactory.swift */; };
		9ADEE53128D0623100712D2A /* CartFactory.swift in Sources */ = {isa = PBXBuildFile; fileRef = 9A38644628ACCA870055C905 /* CartFactory.swift */; };
		9ADEE53228D0623100712D2A /* CartController.swift in Sources */ = {isa = PBXBuildFile; fileRef = 9A38644728ACCA870055C905 /* CartController.swift */; };
		9ADEE53328D0623100712D2A /* CartCoordinator.swift in Sources */ = {isa = PBXBuildFile; fileRef = 9A38644828ACCA870055C905 /* CartCoordinator.swift */; };
		9ADEE53428D0623100712D2A /* UserProfileController.swift in Sources */ = {isa = PBXBuildFile; fileRef = 9A38644D28ACCA940055C905 /* UserProfileController.swift */; };
		9ADEE53528D0623100712D2A /* UserProfileCoordinator.swift in Sources */ = {isa = PBXBuildFile; fileRef = 9A38644E28ACCA940055C905 /* UserProfileCoordinator.swift */; };
		9ADEE53628D0623100712D2A /* UserProfileFactory.swift in Sources */ = {isa = PBXBuildFile; fileRef = 9A38644F28ACCA940055C905 /* UserProfileFactory.swift */; };
		9ADEE53928D0810E00712D2A /* HomeViewModelMock.swift in Sources */ = {isa = PBXBuildFile; fileRef = 9ADEE53828D0810E00712D2A /* HomeViewModelMock.swift */; };
		9ADEE53C28D8B23800712D2A /* LocalFeatureToggle.swift in Sources */ = {isa = PBXBuildFile; fileRef = 9ADEE53B28D8B23800712D2A /* LocalFeatureToggle.swift */; };
		9ADEE54028D8BA7700712D2A /* FeatureToggleProtocol.swift in Sources */ = {isa = PBXBuildFile; fileRef = 9ADEE53F28D8BA7700712D2A /* FeatureToggleProtocol.swift */; };
		9ADEE54228D8BD9E00712D2A /* RemoteFeatureToggle.swift in Sources */ = {isa = PBXBuildFile; fileRef = 9ADEE54128D8BD9E00712D2A /* RemoteFeatureToggle.swift */; };
		9ADEE54528D9842900712D2A /* SplashFactory.swift in Sources */ = {isa = PBXBuildFile; fileRef = 9ADEE54428D9842800712D2A /* SplashFactory.swift */; };
		CE6B422528AA195900A97D05 /* Coordinator.swift in Sources */ = {isa = PBXBuildFile; fileRef = CE6B422428AA195900A97D05 /* Coordinator.swift */; };
		CE6B422728AA19DB00A97D05 /* AppCoordinator.swift in Sources */ = {isa = PBXBuildFile; fileRef = CE6B422628AA19DB00A97D05 /* AppCoordinator.swift */; };
		CE6B422B28AA271C00A97D05 /* TabBarCoordinator.swift in Sources */ = {isa = PBXBuildFile; fileRef = CE6B422A28AA271C00A97D05 /* TabBarCoordinator.swift */; };
		CE6B422D28AA272F00A97D05 /* TabBarController.swift in Sources */ = {isa = PBXBuildFile; fileRef = CE6B422C28AA272F00A97D05 /* TabBarController.swift */; };
		CE6B422F28AA2C7200A97D05 /* HomeCoordinator.swift in Sources */ = {isa = PBXBuildFile; fileRef = CE6B422E28AA2C7100A97D05 /* HomeCoordinator.swift */; };
		CE6B423128AA3D5F00A97D05 /* CatalogCoordinator.swift in Sources */ = {isa = PBXBuildFile; fileRef = CE6B423028AA3D5F00A97D05 /* CatalogCoordinator.swift */; };
		CE6B423428AA4DAA00A97D05 /* HomeInfoCoordinator.swift in Sources */ = {isa = PBXBuildFile; fileRef = CE6B423328AA4DAA00A97D05 /* HomeInfoCoordinator.swift */; };
		CE6B423628AA4DC200A97D05 /* HomeInfoController.swift in Sources */ = {isa = PBXBuildFile; fileRef = CE6B423528AA4DC200A97D05 /* HomeInfoController.swift */; };
		CE9B57A028A57FA10063AC8A /* AppDelegate.swift in Sources */ = {isa = PBXBuildFile; fileRef = CE9B579F28A57FA10063AC8A /* AppDelegate.swift */; };
		CE9B57A228A57FA10063AC8A /* SceneDelegate.swift in Sources */ = {isa = PBXBuildFile; fileRef = CE9B57A128A57FA10063AC8A /* SceneDelegate.swift */; };
		CE9B57A428A57FA10063AC8A /* CatalogController.swift in Sources */ = {isa = PBXBuildFile; fileRef = CE9B57A328A57FA10063AC8A /* CatalogController.swift */; };
		CE9B57A928A57FA20063AC8A /* Assets.xcassets in Resources */ = {isa = PBXBuildFile; fileRef = CE9B57A828A57FA20063AC8A /* Assets.xcassets */; };
		CE9B57AC28A57FA20063AC8A /* LaunchScreen.storyboard in Resources */ = {isa = PBXBuildFile; fileRef = CE9B57AA28A57FA20063AC8A /* LaunchScreen.storyboard */; };
		CE9B57BE28A61D970063AC8A /* ModuleFactory.swift in Sources */ = {isa = PBXBuildFile; fileRef = CE9B57BD28A61D970063AC8A /* ModuleFactory.swift */; };
		CE9B57C028A61DF30063AC8A /* CatalogFactory.swift in Sources */ = {isa = PBXBuildFile; fileRef = CE9B57BF28A61DF30063AC8A /* CatalogFactory.swift */; };
		CE9B57C428A62C930063AC8A /* HomeFactory.swift in Sources */ = {isa = PBXBuildFile; fileRef = CE9B57C328A62C930063AC8A /* HomeFactory.swift */; };
		CE9B57C628A62FB70063AC8A /* HomeController.swift in Sources */ = {isa = PBXBuildFile; fileRef = CE9B57C528A62FB70063AC8A /* HomeController.swift */; };
		CE9B57C828A63D9C0063AC8A /* ModuleBuilder.swift in Sources */ = {isa = PBXBuildFile; fileRef = CE9B57C728A63D9C0063AC8A /* ModuleBuilder.swift */; };
/* End PBXBuildFile section */

/* Begin PBXContainerItemProxy section */
		9ADEE4FF28D0601200712D2A /* PBXContainerItemProxy */ = {
			isa = PBXContainerItemProxy;
			containerPortal = CE9B579428A57FA10063AC8A /* Project object */;
			proxyType = 1;
			remoteGlobalIDString = CE9B579B28A57FA10063AC8A;
			remoteInfo = Project;
		};
/* End PBXContainerItemProxy section */

/* Begin PBXFileReference section */
		9A29D00E28BCB92C00B339A6 /* FeatureToggle.swift */ = {isa = PBXFileReference; lastKnownFileType = sourcecode.swift; path = FeatureToggle.swift; sourceTree = "<group>"; };
		9A29D01028BCC29800B339A6 /* Feature.swift */ = {isa = PBXFileReference; lastKnownFileType = sourcecode.swift; path = Feature.swift; sourceTree = "<group>"; };
		9A29D01428BCC3F200B339A6 /* FeatureToggleProvider.swift */ = {isa = PBXFileReference; lastKnownFileType = sourcecode.swift; path = FeatureToggleProvider.swift; sourceTree = "<group>"; };
		9A29D01628BCC66F00B339A6 /* RemoteFeatureToggleProvider.swift */ = {isa = PBXFileReference; lastKnownFileType = sourcecode.swift; path = RemoteFeatureToggleProvider.swift; sourceTree = "<group>"; };
		9A29D01C28BD0B3800B339A6 /* LocalFeatureToggleProvider.swift */ = {isa = PBXFileReference; lastKnownFileType = sourcecode.swift; path = LocalFeatureToggleProvider.swift; sourceTree = "<group>"; };
		9A29D01E28BD0B9200B339A6 /* Toggles.plist */ = {isa = PBXFileReference; lastKnownFileType = text.plist.xml; path = Toggles.plist; sourceTree = "<group>"; };
		9A29D02028BD0F8F00B339A6 /* FeatureToggleFacade.swift */ = {isa = PBXFileReference; lastKnownFileType = sourcecode.swift; path = FeatureToggleFacade.swift; sourceTree = "<group>"; };
		9A29D02228BD131500B339A6 /* RemoteFeatureToggleService.swift */ = {isa = PBXFileReference; lastKnownFileType = sourcecode.swift; path = RemoteFeatureToggleService.swift; sourceTree = "<group>"; };
		9A29D02728BDDF2300B339A6 /* ServiceLocator.swift */ = {isa = PBXFileReference; lastKnownFileType = sourcecode.swift; path = ServiceLocator.swift; sourceTree = "<group>"; };
		9A29D02928BDE9BC00B339A6 /* ServiceLocating.swift */ = {isa = PBXFileReference; lastKnownFileType = sourcecode.swift; path = ServiceLocating.swift; sourceTree = "<group>"; };
		9A29D02C28BF2EDF00B339A6 /* UIColor.swift */ = {isa = PBXFileReference; lastKnownFileType = sourcecode.swift; path = UIColor.swift; sourceTree = "<group>"; };
		9A29D02E28BF327600B339A6 /* SplashController.swift */ = {isa = PBXFileReference; lastKnownFileType = sourcecode.swift; path = SplashController.swift; sourceTree = "<group>"; };
		9A31B63229015E1700F23A8A /* DIContainer.swift */ = {isa = PBXFileReference; lastKnownFileType = sourcecode.swift; path = DIContainer.swift; sourceTree = "<group>"; };
		9A31B6362901622200F23A8A /* PromoXL.swift */ = {isa = PBXFileReference; lastKnownFileType = sourcecode.swift; path = PromoXL.swift; sourceTree = "<group>"; };
		9A38644628ACCA870055C905 /* CartFactory.swift */ = {isa = PBXFileReference; fileEncoding = 4; lastKnownFileType = sourcecode.swift; path = CartFactory.swift; sourceTree = "<group>"; };
		9A38644728ACCA870055C905 /* CartController.swift */ = {isa = PBXFileReference; fileEncoding = 4; lastKnownFileType = sourcecode.swift; path = CartController.swift; sourceTree = "<group>"; };
		9A38644828ACCA870055C905 /* CartCoordinator.swift */ = {isa = PBXFileReference; fileEncoding = 4; lastKnownFileType = sourcecode.swift; path = CartCoordinator.swift; sourceTree = "<group>"; };
		9A38644D28ACCA940055C905 /* UserProfileController.swift */ = {isa = PBXFileReference; fileEncoding = 4; lastKnownFileType = sourcecode.swift; path = UserProfileController.swift; sourceTree = "<group>"; };
		9A38644E28ACCA940055C905 /* UserProfileCoordinator.swift */ = {isa = PBXFileReference; fileEncoding = 4; lastKnownFileType = sourcecode.swift; path = UserProfileCoordinator.swift; sourceTree = "<group>"; };
		9A38644F28ACCA940055C905 /* UserProfileFactory.swift */ = {isa = PBXFileReference; fileEncoding = 4; lastKnownFileType = sourcecode.swift; path = UserProfileFactory.swift; sourceTree = "<group>"; };
		9A38645828ACD1320055C905 /* HomeViewModel.swift */ = {isa = PBXFileReference; lastKnownFileType = sourcecode.swift; path = HomeViewModel.swift; sourceTree = "<group>"; };
		9A38645B28ACD4230055C905 /* HomeItemCell.swift */ = {isa = PBXFileReference; lastKnownFileType = sourcecode.swift; path = HomeItemCell.swift; sourceTree = "<group>"; };
		9A69D63128AF6E0200142778 /* ApiService.swift */ = {isa = PBXFileReference; lastKnownFileType = sourcecode.swift; path = ApiService.swift; sourceTree = "<group>"; };
		9A69D63428AF6FAF00142778 /* ApiServiceProvider.swift */ = {isa = PBXFileReference; lastKnownFileType = sourcecode.swift; path = ApiServiceProvider.swift; sourceTree = "<group>"; };
		9A69D63A28AF8F9100142778 /* ProductsService.swift */ = {isa = PBXFileReference; lastKnownFileType = sourcecode.swift; path = ProductsService.swift; sourceTree = "<group>"; };
		9A69D63F28B34AE400142778 /* CatalogViewModel.swift */ = {isa = PBXFileReference; lastKnownFileType = sourcecode.swift; path = CatalogViewModel.swift; sourceTree = "<group>"; };
		9A69D64228B351DA00142778 /* ProductCell.swift */ = {isa = PBXFileReference; lastKnownFileType = sourcecode.swift; path = ProductCell.swift; sourceTree = "<group>"; };
		9A69D64428B353A800142778 /* IdentifierCell.swift */ = {isa = PBXFileReference; lastKnownFileType = sourcecode.swift; path = IdentifierCell.swift; sourceTree = "<group>"; };
		9AC5E07028ACE70D0088DD3E /* UIView.swift */ = {isa = PBXFileReference; lastKnownFileType = sourcecode.swift; path = UIView.swift; sourceTree = "<group>"; };
		9ADEE4F328D05EAD00712D2A /* Logger.swift */ = {isa = PBXFileReference; lastKnownFileType = sourcecode.swift; path = Logger.swift; sourceTree = "<group>"; };
		9ADEE4FB28D0601200712D2A /* ProjectTests.xctest */ = {isa = PBXFileReference; explicitFileType = wrapper.cfbundle; includeInIndex = 0; path = ProjectTests.xctest; sourceTree = BUILT_PRODUCTS_DIR; };
		9ADEE4FD28D0601200712D2A /* HomeTests.swift */ = {isa = PBXFileReference; lastKnownFileType = sourcecode.swift; path = HomeTests.swift; sourceTree = "<group>"; };
		9ADEE53828D0810E00712D2A /* HomeViewModelMock.swift */ = {isa = PBXFileReference; lastKnownFileType = sourcecode.swift; path = HomeViewModelMock.swift; sourceTree = "<group>"; };
		9ADEE53B28D8B23800712D2A /* LocalFeatureToggle.swift */ = {isa = PBXFileReference; lastKnownFileType = sourcecode.swift; path = LocalFeatureToggle.swift; sourceTree = "<group>"; };
		9ADEE53F28D8BA7700712D2A /* FeatureToggleProtocol.swift */ = {isa = PBXFileReference; lastKnownFileType = sourcecode.swift; path = FeatureToggleProtocol.swift; sourceTree = "<group>"; };
		9ADEE54128D8BD9E00712D2A /* RemoteFeatureToggle.swift */ = {isa = PBXFileReference; lastKnownFileType = sourcecode.swift; path = RemoteFeatureToggle.swift; sourceTree = "<group>"; };
		9ADEE54428D9842800712D2A /* SplashFactory.swift */ = {isa = PBXFileReference; lastKnownFileType = sourcecode.swift; path = SplashFactory.swift; sourceTree = "<group>"; };
		CE6B422428AA195900A97D05 /* Coordinator.swift */ = {isa = PBXFileReference; lastKnownFileType = sourcecode.swift; path = Coordinator.swift; sourceTree = "<group>"; };
		CE6B422628AA19DB00A97D05 /* AppCoordinator.swift */ = {isa = PBXFileReference; lastKnownFileType = sourcecode.swift; path = AppCoordinator.swift; sourceTree = "<group>"; };
		CE6B422A28AA271C00A97D05 /* TabBarCoordinator.swift */ = {isa = PBXFileReference; lastKnownFileType = sourcecode.swift; path = TabBarCoordinator.swift; sourceTree = "<group>"; };
		CE6B422C28AA272F00A97D05 /* TabBarController.swift */ = {isa = PBXFileReference; lastKnownFileType = sourcecode.swift; path = TabBarController.swift; sourceTree = "<group>"; };
		CE6B422E28AA2C7100A97D05 /* HomeCoordinator.swift */ = {isa = PBXFileReference; lastKnownFileType = sourcecode.swift; path = HomeCoordinator.swift; sourceTree = "<group>"; };
		CE6B423028AA3D5F00A97D05 /* CatalogCoordinator.swift */ = {isa = PBXFileReference; lastKnownFileType = sourcecode.swift; path = CatalogCoordinator.swift; sourceTree = "<group>"; };
		CE6B423328AA4DAA00A97D05 /* HomeInfoCoordinator.swift */ = {isa = PBXFileReference; lastKnownFileType = sourcecode.swift; path = HomeInfoCoordinator.swift; sourceTree = "<group>"; };
		CE6B423528AA4DC200A97D05 /* HomeInfoController.swift */ = {isa = PBXFileReference; lastKnownFileType = sourcecode.swift; path = HomeInfoController.swift; sourceTree = "<group>"; };
		CE9B579C28A57FA10063AC8A /* Project.app */ = {isa = PBXFileReference; explicitFileType = wrapper.application; includeInIndex = 0; path = Project.app; sourceTree = BUILT_PRODUCTS_DIR; };
		CE9B579F28A57FA10063AC8A /* AppDelegate.swift */ = {isa = PBXFileReference; lastKnownFileType = sourcecode.swift; path = AppDelegate.swift; sourceTree = "<group>"; };
		CE9B57A128A57FA10063AC8A /* SceneDelegate.swift */ = {isa = PBXFileReference; lastKnownFileType = sourcecode.swift; path = SceneDelegate.swift; sourceTree = "<group>"; };
		CE9B57A328A57FA10063AC8A /* CatalogController.swift */ = {isa = PBXFileReference; lastKnownFileType = sourcecode.swift; path = CatalogController.swift; sourceTree = "<group>"; };
		CE9B57A828A57FA20063AC8A /* Assets.xcassets */ = {isa = PBXFileReference; lastKnownFileType = folder.assetcatalog; path = Assets.xcassets; sourceTree = "<group>"; };
		CE9B57AB28A57FA20063AC8A /* Base */ = {isa = PBXFileReference; lastKnownFileType = file.storyboard; name = Base; path = Base.lproj/LaunchScreen.storyboard; sourceTree = "<group>"; };
		CE9B57AD28A57FA20063AC8A /* Info.plist */ = {isa = PBXFileReference; lastKnownFileType = text.plist.xml; path = Info.plist; sourceTree = "<group>"; };
		CE9B57BD28A61D970063AC8A /* ModuleFactory.swift */ = {isa = PBXFileReference; lastKnownFileType = sourcecode.swift; path = ModuleFactory.swift; sourceTree = "<group>"; };
		CE9B57BF28A61DF30063AC8A /* CatalogFactory.swift */ = {isa = PBXFileReference; lastKnownFileType = sourcecode.swift; path = CatalogFactory.swift; sourceTree = "<group>"; };
		CE9B57C328A62C930063AC8A /* HomeFactory.swift */ = {isa = PBXFileReference; lastKnownFileType = sourcecode.swift; path = HomeFactory.swift; sourceTree = "<group>"; };
		CE9B57C528A62FB70063AC8A /* HomeController.swift */ = {isa = PBXFileReference; lastKnownFileType = sourcecode.swift; path = HomeController.swift; sourceTree = "<group>"; };
		CE9B57C728A63D9C0063AC8A /* ModuleBuilder.swift */ = {isa = PBXFileReference; lastKnownFileType = sourcecode.swift; path = ModuleBuilder.swift; sourceTree = "<group>"; };
/* End PBXFileReference section */

/* Begin PBXFrameworksBuildPhase section */
		9ADEE4F828D0601200712D2A /* Frameworks */ = {
			isa = PBXFrameworksBuildPhase;
			buildActionMask = 2147483647;
			files = (
			);
			runOnlyForDeploymentPostprocessing = 0;
		};
		CE9B579928A57FA10063AC8A /* Frameworks */ = {
			isa = PBXFrameworksBuildPhase;
			buildActionMask = 2147483647;
			files = (
			);
			runOnlyForDeploymentPostprocessing = 0;
		};
/* End PBXFrameworksBuildPhase section */

/* Begin PBXGroup section */
		9A29D00D28BCB90D00B339A6 /* FeatureToggle */ = {
			isa = PBXGroup;
			children = (
				9ADEE53E28D8B9B400712D2A /* FeatureToggleFacade */,
				9ADEE53A28D8B20900712D2A /* LocalFeatureToggle */,
				9ADEE53D28D8B99800712D2A /* RemoteFeatureToggle */,
				9A29D01028BCC29800B339A6 /* Feature.swift */,
				9A29D00E28BCB92C00B339A6 /* FeatureToggle.swift */,
				9A29D01428BCC3F200B339A6 /* FeatureToggleProvider.swift */,
				9ADEE53F28D8BA7700712D2A /* FeatureToggleProtocol.swift */,
			);
			path = FeatureToggle;
			sourceTree = "<group>";
		};
		9A29D02628BDDF0A00B339A6 /* ServiceLocator */ = {
			isa = PBXGroup;
			children = (
				9A29D02928BDE9BC00B339A6 /* ServiceLocating.swift */,
				9A29D02728BDDF2300B339A6 /* ServiceLocator.swift */,
			);
			path = ServiceLocator;
			sourceTree = "<group>";
		};
		9A29D02B28BF248E00B339A6 /* Splash */ = {
			isa = PBXGroup;
			children = (
				9A29D02E28BF327600B339A6 /* SplashController.swift */,
				9ADEE54428D9842800712D2A /* SplashFactory.swift */,
			);
			path = Splash;
			sourceTree = "<group>";
		};
		9A31B62F29015DC200F23A8A /* Legacy */ = {
			isa = PBXGroup;
			children = (
				9A29D02628BDDF0A00B339A6 /* ServiceLocator */,
			);
			path = Legacy;
			sourceTree = "<group>";
		};
		9A31B63129015E0900F23A8A /* DIContainer */ = {
			isa = PBXGroup;
			children = (
				9A31B63229015E1700F23A8A /* DIContainer.swift */,
			);
			path = DIContainer;
			sourceTree = "<group>";
		};
		9A31B6342901620700F23A8A /* UI */ = {
			isa = PBXGroup;
			children = (
				9A31B6352901621000F23A8A /* Cells */,
			);
			path = UI;
			sourceTree = "<group>";
		};
		9A31B6352901621000F23A8A /* Cells */ = {
			isa = PBXGroup;
			children = (
				9A31B6362901622200F23A8A /* PromoXL.swift */,
			);
			path = Cells;
			sourceTree = "<group>";
		};
		9A38644528ACCA870055C905 /* Cart */ = {
			isa = PBXGroup;
			children = (
				9A38644628ACCA870055C905 /* CartFactory.swift */,
				9A38644728ACCA870055C905 /* CartController.swift */,
				9A38644828ACCA870055C905 /* CartCoordinator.swift */,
			);
			name = Cart;
			path = Project/Modules/Cart;
			sourceTree = SOURCE_ROOT;
		};
		9A38644C28ACCA940055C905 /* UserProfile */ = {
			isa = PBXGroup;
			children = (
				9A38644D28ACCA940055C905 /* UserProfileController.swift */,
				9A38644E28ACCA940055C905 /* UserProfileCoordinator.swift */,
				9A38644F28ACCA940055C905 /* UserProfileFactory.swift */,
			);
			path = UserProfile;
			sourceTree = "<group>";
		};
		9A38645328ACD1050055C905 /* ViewModel */ = {
			isa = PBXGroup;
			children = (
				9A38645828ACD1320055C905 /* HomeViewModel.swift */,
			);
			path = ViewModel;
			sourceTree = "<group>";
		};
		9A38645A28ACD4150055C905 /* Cells */ = {
			isa = PBXGroup;
			children = (
				9A38645B28ACD4230055C905 /* HomeItemCell.swift */,
			);
			path = Cells;
			sourceTree = "<group>";
		};
		9A69D63028AF6BF200142778 /* Services */ = {
			isa = PBXGroup;
			children = (
				9A31B63129015E0900F23A8A /* DIContainer */,
				9A29D00D28BCB90D00B339A6 /* FeatureToggle */,
				9A69D63928AF8F7800142778 /* Products */,
				9A69D63328AF6F9F00142778 /* Api */,
			);
			path = Services;
			sourceTree = "<group>";
		};
		9A69D63328AF6F9F00142778 /* Api */ = {
			isa = PBXGroup;
			children = (
				9A69D63128AF6E0200142778 /* ApiService.swift */,
				9A69D63428AF6FAF00142778 /* ApiServiceProvider.swift */,
			);
			path = Api;
			sourceTree = "<group>";
		};
		9A69D63928AF8F7800142778 /* Products */ = {
			isa = PBXGroup;
			children = (
				9A69D63A28AF8F9100142778 /* ProductsService.swift */,
			);
			path = Products;
			sourceTree = "<group>";
		};
		9A69D63E28B34ADF00142778 /* ViewModel */ = {
			isa = PBXGroup;
			children = (
				9A69D63F28B34AE400142778 /* CatalogViewModel.swift */,
			);
			path = ViewModel;
			sourceTree = "<group>";
		};
		9A69D64128B351A800142778 /* Cells */ = {
			isa = PBXGroup;
			children = (
				9A69D64228B351DA00142778 /* ProductCell.swift */,
			);
			path = Cells;
			sourceTree = "<group>";
		};
		9AC5E06F28ACE6FB0088DD3E /* Extensions */ = {
			isa = PBXGroup;
			children = (
				9AC5E07028ACE70D0088DD3E /* UIView.swift */,
				9A29D02C28BF2EDF00B339A6 /* UIColor.swift */,
			);
			path = Extensions;
			sourceTree = "<group>";
		};
		9ADEE4FC28D0601200712D2A /* ProjectTests */ = {
			isa = PBXGroup;
			children = (
				9ADEE50428D0604200712D2A /* ModulesTests */,
			);
			path = ProjectTests;
			sourceTree = "<group>";
		};
		9ADEE50428D0604200712D2A /* ModulesTests */ = {
			isa = PBXGroup;
			children = (
				9ADEE53728D080FA00712D2A /* Home */,
			);
			path = ModulesTests;
			sourceTree = "<group>";
		};
		9ADEE53728D080FA00712D2A /* Home */ = {
			isa = PBXGroup;
			children = (
				9ADEE4FD28D0601200712D2A /* HomeTests.swift */,
				9ADEE53828D0810E00712D2A /* HomeViewModelMock.swift */,
			);
			path = Home;
			sourceTree = "<group>";
		};
		9ADEE53A28D8B20900712D2A /* LocalFeatureToggle */ = {
			isa = PBXGroup;
			children = (
				9ADEE53B28D8B23800712D2A /* LocalFeatureToggle.swift */,
				9A29D01C28BD0B3800B339A6 /* LocalFeatureToggleProvider.swift */,
			);
			path = LocalFeatureToggle;
			sourceTree = "<group>";
		};
		9ADEE53D28D8B99800712D2A /* RemoteFeatureToggle */ = {
			isa = PBXGroup;
			children = (
				9ADEE54128D8BD9E00712D2A /* RemoteFeatureToggle.swift */,
				9A29D01628BCC66F00B339A6 /* RemoteFeatureToggleProvider.swift */,
				9A29D02228BD131500B339A6 /* RemoteFeatureToggleService.swift */,
			);
			path = RemoteFeatureToggle;
			sourceTree = "<group>";
		};
		9ADEE53E28D8B9B400712D2A /* FeatureToggleFacade */ = {
			isa = PBXGroup;
			children = (
				9A29D02028BD0F8F00B339A6 /* FeatureToggleFacade.swift */,
			);
			path = FeatureToggleFacade;
			sourceTree = "<group>";
		};
		9ADEE54328D97BD200712D2A /* Configuration */ = {
			isa = PBXGroup;
			children = (
				CE9B57AD28A57FA20063AC8A /* Info.plist */,
				9A29D01E28BD0B9200B339A6 /* Toggles.plist */,
			);
			path = Configuration;
			sourceTree = "<group>";
		};
		CE6B422828AA208500A97D05 /* Protocols */ = {
			isa = PBXGroup;
			children = (
				CE6B422428AA195900A97D05 /* Coordinator.swift */,
				CE9B57BD28A61D970063AC8A /* ModuleFactory.swift */,
				9A69D64428B353A800142778 /* IdentifierCell.swift */,
			);
			path = Protocols;
			sourceTree = "<group>";
		};
		CE6B422928AA253600A97D05 /* TabBar */ = {
			isa = PBXGroup;
			children = (
				CE6B422A28AA271C00A97D05 /* TabBarCoordinator.swift */,
				CE6B422C28AA272F00A97D05 /* TabBarController.swift */,
			);
			path = TabBar;
			sourceTree = "<group>";
		};
		CE6B423228AA4D8600A97D05 /* HomeInfo */ = {
			isa = PBXGroup;
			children = (
				CE6B423328AA4DAA00A97D05 /* HomeInfoCoordinator.swift */,
				CE6B423528AA4DC200A97D05 /* HomeInfoController.swift */,
			);
			path = HomeInfo;
			sourceTree = "<group>";
		};
		CE9B579328A57FA10063AC8A = {
			isa = PBXGroup;
			children = (
				CE9B579E28A57FA10063AC8A /* Project */,
				9ADEE4FC28D0601200712D2A /* ProjectTests */,
				CE9B579D28A57FA10063AC8A /* Products */,
			);
			sourceTree = "<group>";
		};
		CE9B579D28A57FA10063AC8A /* Products */ = {
			isa = PBXGroup;
			children = (
				CE9B579C28A57FA10063AC8A /* Project.app */,
				9ADEE4FB28D0601200712D2A /* ProjectTests.xctest */,
			);
			name = Products;
			sourceTree = "<group>";
		};
		CE9B579E28A57FA10063AC8A /* Project */ = {
			isa = PBXGroup;
			children = (
				9ADEE54328D97BD200712D2A /* Configuration */,
				CE9B57B328A5810E0063AC8A /* Default */,
				CE9B57B428A581AD0063AC8A /* Common */,
				9A69D63028AF6BF200142778 /* Services */,
				CE9B57B728A61C740063AC8A /* Modules */,
				9A31B6342901620700F23A8A /* UI */,
				9A31B62F29015DC200F23A8A /* Legacy */,
			);
			path = Project;
			sourceTree = "<group>";
		};
		CE9B57B328A5810E0063AC8A /* Default */ = {
			isa = PBXGroup;
			children = (
				CE9B579F28A57FA10063AC8A /* AppDelegate.swift */,
				CE9B57A128A57FA10063AC8A /* SceneDelegate.swift */,
				CE9B57A828A57FA20063AC8A /* Assets.xcassets */,
				CE9B57AA28A57FA20063AC8A /* LaunchScreen.storyboard */,
			);
			path = Default;
			sourceTree = "<group>";
		};
		CE9B57B428A581AD0063AC8A /* Common */ = {
			isa = PBXGroup;
			children = (
				9AC5E06F28ACE6FB0088DD3E /* Extensions */,
				CE6B422828AA208500A97D05 /* Protocols */,
				CE6B422628AA19DB00A97D05 /* AppCoordinator.swift */,
				CE9B57C728A63D9C0063AC8A /* ModuleBuilder.swift */,
				9ADEE4F328D05EAD00712D2A /* Logger.swift */,
			);
			path = Common;
			sourceTree = "<group>";
		};
		CE9B57B728A61C740063AC8A /* Modules */ = {
			isa = PBXGroup;
			children = (
				9A29D02B28BF248E00B339A6 /* Splash */,
				CE6B422928AA253600A97D05 /* TabBar */,
				CE9B57C228A62C300063AC8A /* Home */,
				CE6B423228AA4D8600A97D05 /* HomeInfo */,
				CE9B57B828A61C8C0063AC8A /* Catalog */,
				9A38644528ACCA870055C905 /* Cart */,
				9A38644C28ACCA940055C905 /* UserProfile */,
			);
			path = Modules;
			sourceTree = "<group>";
		};
		CE9B57B828A61C8C0063AC8A /* Catalog */ = {
			isa = PBXGroup;
			children = (
				9A69D64128B351A800142778 /* Cells */,
				9A69D63E28B34ADF00142778 /* ViewModel */,
				CE6B423028AA3D5F00A97D05 /* CatalogCoordinator.swift */,
				CE9B57A328A57FA10063AC8A /* CatalogController.swift */,
				CE9B57BF28A61DF30063AC8A /* CatalogFactory.swift */,
			);
			path = Catalog;
			sourceTree = "<group>";
		};
		CE9B57C228A62C300063AC8A /* Home */ = {
			isa = PBXGroup;
			children = (
				9A38645A28ACD4150055C905 /* Cells */,
				9A38645328ACD1050055C905 /* ViewModel */,
				CE6B422E28AA2C7100A97D05 /* HomeCoordinator.swift */,
				CE9B57C528A62FB70063AC8A /* HomeController.swift */,
				CE9B57C328A62C930063AC8A /* HomeFactory.swift */,
			);
			path = Home;
			sourceTree = "<group>";
		};
/* End PBXGroup section */

/* Begin PBXNativeTarget section */
		9ADEE4FA28D0601200712D2A /* ProjectTests */ = {
			isa = PBXNativeTarget;
			buildConfigurationList = 9ADEE50128D0601200712D2A /* Build configuration list for PBXNativeTarget "ProjectTests" */;
			buildPhases = (
				9ADEE4F728D0601200712D2A /* Sources */,
				9ADEE4F828D0601200712D2A /* Frameworks */,
				9ADEE4F928D0601200712D2A /* Resources */,
			);
			buildRules = (
			);
			dependencies = (
				9ADEE50028D0601200712D2A /* PBXTargetDependency */,
			);
			name = ProjectTests;
			productName = ProjectTests;
			productReference = 9ADEE4FB28D0601200712D2A /* ProjectTests.xctest */;
			productType = "com.apple.product-type.bundle.unit-test";
		};
		CE9B579B28A57FA10063AC8A /* Project */ = {
			isa = PBXNativeTarget;
			buildConfigurationList = CE9B57B028A57FA20063AC8A /* Build configuration list for PBXNativeTarget "Project" */;
			buildPhases = (
				CE9B579828A57FA10063AC8A /* Sources */,
				CE9B579928A57FA10063AC8A /* Frameworks */,
				CE9B579A28A57FA10063AC8A /* Resources */,
				CE9B57C128A622370063AC8A /* ShellScript */,
			);
			buildRules = (
			);
			dependencies = (
			);
			name = Project;
			productName = Project;
			productReference = CE9B579C28A57FA10063AC8A /* Project.app */;
			productType = "com.apple.product-type.application";
		};
/* End PBXNativeTarget section */

/* Begin PBXProject section */
		CE9B579428A57FA10063AC8A /* Project object */ = {
			isa = PBXProject;
			attributes = {
				LastSwiftUpdateCheck = 1330;
				LastUpgradeCheck = 1250;
				TargetAttributes = {
					9ADEE4FA28D0601200712D2A = {
						CreatedOnToolsVersion = 13.3.1;
					};
					CE9B579B28A57FA10063AC8A = {
						CreatedOnToolsVersion = 12.5;
					};
				};
			};
			buildConfigurationList = CE9B579728A57FA10063AC8A /* Build configuration list for PBXProject "Project" */;
			compatibilityVersion = "Xcode 9.3";
			developmentRegion = en;
			hasScannedForEncodings = 0;
			knownRegions = (
				en,
				Base,
			);
			mainGroup = CE9B579328A57FA10063AC8A;
			productRefGroup = CE9B579D28A57FA10063AC8A /* Products */;
			projectDirPath = "";
			projectRoot = "";
			targets = (
				CE9B579B28A57FA10063AC8A /* Project */,
				9ADEE4FA28D0601200712D2A /* ProjectTests */,
			);
		};
/* End PBXProject section */

/* Begin PBXResourcesBuildPhase section */
		9ADEE4F928D0601200712D2A /* Resources */ = {
			isa = PBXResourcesBuildPhase;
			buildActionMask = 2147483647;
			files = (
			);
			runOnlyForDeploymentPostprocessing = 0;
		};
		CE9B579A28A57FA10063AC8A /* Resources */ = {
			isa = PBXResourcesBuildPhase;
			buildActionMask = 2147483647;
			files = (
				9A29D01F28BD0B9200B339A6 /* Toggles.plist in Resources */,
				CE9B57AC28A57FA20063AC8A /* LaunchScreen.storyboard in Resources */,
				CE9B57A928A57FA20063AC8A /* Assets.xcassets in Resources */,
			);
			runOnlyForDeploymentPostprocessing = 0;
		};
/* End PBXResourcesBuildPhase section */

/* Begin PBXShellScriptBuildPhase section */
		CE9B57C128A622370063AC8A /* ShellScript */ = {
			isa = PBXShellScriptBuildPhase;
			buildActionMask = 2147483647;
			files = (
			);
			inputFileListPaths = (
			);
			inputPaths = (
			);
			outputFileListPaths = (
			);
			outputPaths = (
			);
			runOnlyForDeploymentPostprocessing = 0;
			shellPath = /bin/sh;
			shellScript = "if which swiftlint >/dev/null; then\n  swiftlint\nelse\n  echo \"warning: SwiftLint not installed, download from https://github.com/realm/SwiftLint\"\nfi\n";
		};
/* End PBXShellScriptBuildPhase section */

/* Begin PBXSourcesBuildPhase section */
		9ADEE4F728D0601200712D2A /* Sources */ = {
			isa = PBXSourcesBuildPhase;
			buildActionMask = 2147483647;
			files = (
				9ADEE50E28D0623000712D2A /* AppDelegate.swift in Sources */,
				9ADEE50F28D0623000712D2A /* SceneDelegate.swift in Sources */,
				9ADEE51028D0623000712D2A /* Assets.xcassets in Sources */,
				9ADEE51128D0623000712D2A /* LaunchScreen.storyboard in Sources */,
				9ADEE51328D0623000712D2A /* Toggles.plist in Sources */,
				9ADEE51428D0623000712D2A /* Coordinator.swift in Sources */,
				9ADEE51528D0623000712D2A /* ModuleFactory.swift in Sources */,
				9ADEE51628D0623000712D2A /* IdentifierCell.swift in Sources */,
				9ADEE51728D0623000712D2A /* AppCoordinator.swift in Sources */,
				9ADEE51828D0623000712D2A /* ModuleBuilder.swift in Sources */,
				9ADEE51928D0623000712D2A /* Logger.swift in Sources */,
				9ADEE53928D0810E00712D2A /* HomeViewModelMock.swift in Sources */,
				9ADEE51A28D0623000712D2A /* ServiceLocating.swift in Sources */,
				9ADEE51B28D0623000712D2A /* ServiceLocator.swift in Sources */,
				9ADEE51D28D0623000712D2A /* RemoteFeatureToggleProvider.swift in Sources */,
				9ADEE51E28D0623000712D2A /* RemoteFeatureToggleService.swift in Sources */,
				9ADEE51F28D0623000712D2A /* Feature.swift in Sources */,
				9ADEE52028D0623000712D2A /* FeatureToggle.swift in Sources */,
				9ADEE52128D0623000712D2A /* FeatureToggleProvider.swift in Sources */,
				9ADEE52228D0623000712D2A /* FeatureToggleFacade.swift in Sources */,
				9ADEE52428D0623100712D2A /* ProductsService.swift in Sources */,
				9ADEE52528D0623100712D2A /* ApiService.swift in Sources */,
				9ADEE52628D0623100712D2A /* ApiServiceProvider.swift in Sources */,
				9ADEE52728D0623100712D2A /* SplashController.swift in Sources */,
				9ADEE52828D0623100712D2A /* TabBarCoordinator.swift in Sources */,
				9ADEE52928D0623100712D2A /* TabBarController.swift in Sources */,
				9ADEE52A28D0623100712D2A /* HomeInfoCoordinator.swift in Sources */,
				9ADEE52B28D0623100712D2A /* HomeInfoController.swift in Sources */,
				9ADEE52C28D0623100712D2A /* ProductCell.swift in Sources */,
				9ADEE52D28D0623100712D2A /* CatalogViewModel.swift in Sources */,
				9ADEE52E28D0623100712D2A /* CatalogCoordinator.swift in Sources */,
				9ADEE52F28D0623100712D2A /* CatalogController.swift in Sources */,
				9ADEE53028D0623100712D2A /* CatalogFactory.swift in Sources */,
				9ADEE53128D0623100712D2A /* CartFactory.swift in Sources */,
				9ADEE53228D0623100712D2A /* CartController.swift in Sources */,
				9ADEE53328D0623100712D2A /* CartCoordinator.swift in Sources */,
				9ADEE53428D0623100712D2A /* UserProfileController.swift in Sources */,
				9ADEE53528D0623100712D2A /* UserProfileCoordinator.swift in Sources */,
				9ADEE53628D0623100712D2A /* UserProfileFactory.swift in Sources */,
				9ADEE50C28D0621E00712D2A /* UIView.swift in Sources */,
				9ADEE50D28D0621E00712D2A /* UIColor.swift in Sources */,
				9ADEE50728D0621300712D2A /* HomeItemCell.swift in Sources */,
				9ADEE50828D0621300712D2A /* HomeViewModel.swift in Sources */,
				9ADEE50928D0621300712D2A /* HomeCoordinator.swift in Sources */,
				9ADEE50A28D0621300712D2A /* HomeController.swift in Sources */,
				9ADEE50B28D0621300712D2A /* HomeFactory.swift in Sources */,
				9ADEE4FE28D0601200712D2A /* HomeTests.swift in Sources */,
			);
			runOnlyForDeploymentPostprocessing = 0;
		};
		CE9B579828A57FA10063AC8A /* Sources */ = {
			isa = PBXSourcesBuildPhase;
			buildActionMask = 2147483647;
			files = (
				CE6B422728AA19DB00A97D05 /* AppCoordinator.swift in Sources */,
				9A29D02D28BF2EDF00B339A6 /* UIColor.swift in Sources */,
				CE6B422D28AA272F00A97D05 /* TabBarController.swift in Sources */,
				9A29D01528BCC3F200B339A6 /* FeatureToggleProvider.swift in Sources */,
				9ADEE54528D9842900712D2A /* SplashFactory.swift in Sources */,
				CE9B57C028A61DF30063AC8A /* CatalogFactory.swift in Sources */,
				9A29D02A28BDE9BC00B339A6 /* ServiceLocating.swift in Sources */,
				CE6B422B28AA271C00A97D05 /* TabBarCoordinator.swift in Sources */,
				9A29D02F28BF327600B339A6 /* SplashController.swift in Sources */,
				9A29D02128BD0F8F00B339A6 /* FeatureToggleFacade.swift in Sources */,
				CE9B57C628A62FB70063AC8A /* HomeController.swift in Sources */,
				9A38645928ACD1320055C905 /* HomeViewModel.swift in Sources */,
				9A69D64028B34AE400142778 /* CatalogViewModel.swift in Sources */,
				9A69D64528B353A800142778 /* IdentifierCell.swift in Sources */,
				CE6B422F28AA2C7200A97D05 /* HomeCoordinator.swift in Sources */,
				9A38645128ACCA940055C905 /* UserProfileCoordinator.swift in Sources */,
				9A69D63528AF6FAF00142778 /* ApiServiceProvider.swift in Sources */,
				CE6B422528AA195900A97D05 /* Coordinator.swift in Sources */,
				9A69D63B28AF8F9100142778 /* ProductsService.swift in Sources */,
				9ADEE54228D8BD9E00712D2A /* RemoteFeatureToggle.swift in Sources */,
				9ADEE54028D8BA7700712D2A /* FeatureToggleProtocol.swift in Sources */,
				9A38644A28ACCA870055C905 /* CartController.swift in Sources */,
				9A38644928ACCA870055C905 /* CartFactory.swift in Sources */,
				9A31B6372901622200F23A8A /* PromoXL.swift in Sources */,
				9A29D01D28BD0B3800B339A6 /* LocalFeatureToggleProvider.swift in Sources */,
				CE9B57A428A57FA10063AC8A /* CatalogController.swift in Sources */,
				CE6B423128AA3D5F00A97D05 /* CatalogCoordinator.swift in Sources */,
				9ADEE4F428D05EAD00712D2A /* Logger.swift in Sources */,
				CE9B57C428A62C930063AC8A /* HomeFactory.swift in Sources */,
				9A31B63329015E1700F23A8A /* DIContainer.swift in Sources */,
				9A29D01728BCC67000B339A6 /* RemoteFeatureToggleProvider.swift in Sources */,
				CE9B57A028A57FA10063AC8A /* AppDelegate.swift in Sources */,
				CE9B57C828A63D9C0063AC8A /* ModuleBuilder.swift in Sources */,
				CE6B423628AA4DC200A97D05 /* HomeInfoController.swift in Sources */,
				CE6B423428AA4DAA00A97D05 /* HomeInfoCoordinator.swift in Sources */,
				CE9B57A228A57FA10063AC8A /* SceneDelegate.swift in Sources */,
				9A29D02328BD131500B339A6 /* RemoteFeatureToggleService.swift in Sources */,
				9A38644B28ACCA870055C905 /* CartCoordinator.swift in Sources */,
				9A69D63228AF6E0200142778 /* ApiService.swift in Sources */,
				9ADEE53C28D8B23800712D2A /* LocalFeatureToggle.swift in Sources */,
				9AC5E07128ACE70D0088DD3E /* UIView.swift in Sources */,
				9A38645228ACCA940055C905 /* UserProfileFactory.swift in Sources */,
				9A29D01128BCC29800B339A6 /* Feature.swift in Sources */,
				9A38645C28ACD4230055C905 /* HomeItemCell.swift in Sources */,
				9A29D00F28BCB92C00B339A6 /* FeatureToggle.swift in Sources */,
				9A29D02828BDDF2400B339A6 /* ServiceLocator.swift in Sources */,
				9A69D64328B351DA00142778 /* ProductCell.swift in Sources */,
				9A38645028ACCA940055C905 /* UserProfileController.swift in Sources */,
				CE9B57BE28A61D970063AC8A /* ModuleFactory.swift in Sources */,
			);
			runOnlyForDeploymentPostprocessing = 0;
		};
/* End PBXSourcesBuildPhase section */

/* Begin PBXTargetDependency section */
		9ADEE50028D0601200712D2A /* PBXTargetDependency */ = {
			isa = PBXTargetDependency;
			target = CE9B579B28A57FA10063AC8A /* Project */;
			targetProxy = 9ADEE4FF28D0601200712D2A /* PBXContainerItemProxy */;
		};
/* End PBXTargetDependency section */

/* Begin PBXVariantGroup section */
		CE9B57AA28A57FA20063AC8A /* LaunchScreen.storyboard */ = {
			isa = PBXVariantGroup;
			children = (
				CE9B57AB28A57FA20063AC8A /* Base */,
			);
			name = LaunchScreen.storyboard;
			sourceTree = "<group>";
		};
/* End PBXVariantGroup section */

/* Begin XCBuildConfiguration section */
		9ADEE50228D0601200712D2A /* Debug */ = {
			isa = XCBuildConfiguration;
			buildSettings = {
				CLANG_CXX_LANGUAGE_STANDARD = "gnu++17";
				CODE_SIGN_STYLE = Automatic;
				CURRENT_PROJECT_VERSION = 1;
				GENERATE_INFOPLIST_FILE = YES;
				IPHONEOS_DEPLOYMENT_TARGET = 15.4;
				MARKETING_VERSION = 1.0;
				PRODUCT_BUNDLE_IDENTIFIER = com.ulkoart.ProjectTests;
				PRODUCT_NAME = "$(TARGET_NAME)";
				SWIFT_EMIT_LOC_STRINGS = NO;
				SWIFT_VERSION = 5.0;
				TARGETED_DEVICE_FAMILY = "1,2";
			};
			name = Debug;
		};
		9ADEE50328D0601200712D2A /* Release */ = {
			isa = XCBuildConfiguration;
			buildSettings = {
				CLANG_CXX_LANGUAGE_STANDARD = "gnu++17";
				CODE_SIGN_STYLE = Automatic;
				CURRENT_PROJECT_VERSION = 1;
				GENERATE_INFOPLIST_FILE = YES;
				IPHONEOS_DEPLOYMENT_TARGET = 15.4;
				MARKETING_VERSION = 1.0;
				PRODUCT_BUNDLE_IDENTIFIER = com.ulkoart.ProjectTests;
				PRODUCT_NAME = "$(TARGET_NAME)";
				SWIFT_EMIT_LOC_STRINGS = NO;
				SWIFT_VERSION = 5.0;
				TARGETED_DEVICE_FAMILY = "1,2";
			};
			name = Release;
		};
		CE9B57AE28A57FA20063AC8A /* Debug */ = {
			isa = XCBuildConfiguration;
			buildSettings = {
				ALWAYS_SEARCH_USER_PATHS = NO;
				CLANG_ANALYZER_NONNULL = YES;
				CLANG_ANALYZER_NUMBER_OBJECT_CONVERSION = YES_AGGRESSIVE;
				CLANG_CXX_LANGUAGE_STANDARD = "gnu++14";
				CLANG_CXX_LIBRARY = "libc++";
				CLANG_ENABLE_MODULES = YES;
				CLANG_ENABLE_OBJC_ARC = YES;
				CLANG_ENABLE_OBJC_WEAK = YES;
				CLANG_WARN_BLOCK_CAPTURE_AUTORELEASING = YES;
				CLANG_WARN_BOOL_CONVERSION = YES;
				CLANG_WARN_COMMA = YES;
				CLANG_WARN_CONSTANT_CONVERSION = YES;
				CLANG_WARN_DEPRECATED_OBJC_IMPLEMENTATIONS = YES;
				CLANG_WARN_DIRECT_OBJC_ISA_USAGE = YES_ERROR;
				CLANG_WARN_DOCUMENTATION_COMMENTS = YES;
				CLANG_WARN_EMPTY_BODY = YES;
				CLANG_WARN_ENUM_CONVERSION = YES;
				CLANG_WARN_INFINITE_RECURSION = YES;
				CLANG_WARN_INT_CONVERSION = YES;
				CLANG_WARN_NON_LITERAL_NULL_CONVERSION = YES;
				CLANG_WARN_OBJC_IMPLICIT_RETAIN_SELF = YES;
				CLANG_WARN_OBJC_LITERAL_CONVERSION = YES;
				CLANG_WARN_OBJC_ROOT_CLASS = YES_ERROR;
				CLANG_WARN_QUOTED_INCLUDE_IN_FRAMEWORK_HEADER = YES;
				CLANG_WARN_RANGE_LOOP_ANALYSIS = YES;
				CLANG_WARN_STRICT_PROTOTYPES = YES;
				CLANG_WARN_SUSPICIOUS_MOVE = YES;
				CLANG_WARN_UNGUARDED_AVAILABILITY = YES_AGGRESSIVE;
				CLANG_WARN_UNREACHABLE_CODE = YES;
				CLANG_WARN__DUPLICATE_METHOD_MATCH = YES;
				COPY_PHASE_STRIP = NO;
				DEBUG_INFORMATION_FORMAT = dwarf;
				ENABLE_STRICT_OBJC_MSGSEND = YES;
				ENABLE_TESTABILITY = YES;
				GCC_C_LANGUAGE_STANDARD = gnu11;
				GCC_DYNAMIC_NO_PIC = NO;
				GCC_NO_COMMON_BLOCKS = YES;
				GCC_OPTIMIZATION_LEVEL = 0;
				GCC_PREPROCESSOR_DEFINITIONS = (
					"DEBUG=1",
					"$(inherited)",
				);
				GCC_WARN_64_TO_32_BIT_CONVERSION = YES;
				GCC_WARN_ABOUT_RETURN_TYPE = YES_ERROR;
				GCC_WARN_UNDECLARED_SELECTOR = YES;
				GCC_WARN_UNINITIALIZED_AUTOS = YES_AGGRESSIVE;
				GCC_WARN_UNUSED_FUNCTION = YES;
				GCC_WARN_UNUSED_VARIABLE = YES;
				IPHONEOS_DEPLOYMENT_TARGET = 14.5;
				MTL_ENABLE_DEBUG_INFO = INCLUDE_SOURCE;
				MTL_FAST_MATH = YES;
				ONLY_ACTIVE_ARCH = YES;
				SDKROOT = iphoneos;
				SWIFT_ACTIVE_COMPILATION_CONDITIONS = DEBUG;
				SWIFT_OPTIMIZATION_LEVEL = "-Onone";
			};
			name = Debug;
		};
		CE9B57AF28A57FA20063AC8A /* Release */ = {
			isa = XCBuildConfiguration;
			buildSettings = {
				ALWAYS_SEARCH_USER_PATHS = NO;
				CLANG_ANALYZER_NONNULL = YES;
				CLANG_ANALYZER_NUMBER_OBJECT_CONVERSION = YES_AGGRESSIVE;
				CLANG_CXX_LANGUAGE_STANDARD = "gnu++14";
				CLANG_CXX_LIBRARY = "libc++";
				CLANG_ENABLE_MODULES = YES;
				CLANG_ENABLE_OBJC_ARC = YES;
				CLANG_ENABLE_OBJC_WEAK = YES;
				CLANG_WARN_BLOCK_CAPTURE_AUTORELEASING = YES;
				CLANG_WARN_BOOL_CONVERSION = YES;
				CLANG_WARN_COMMA = YES;
				CLANG_WARN_CONSTANT_CONVERSION = YES;
				CLANG_WARN_DEPRECATED_OBJC_IMPLEMENTATIONS = YES;
				CLANG_WARN_DIRECT_OBJC_ISA_USAGE = YES_ERROR;
				CLANG_WARN_DOCUMENTATION_COMMENTS = YES;
				CLANG_WARN_EMPTY_BODY = YES;
				CLANG_WARN_ENUM_CONVERSION = YES;
				CLANG_WARN_INFINITE_RECURSION = YES;
				CLANG_WARN_INT_CONVERSION = YES;
				CLANG_WARN_NON_LITERAL_NULL_CONVERSION = YES;
				CLANG_WARN_OBJC_IMPLICIT_RETAIN_SELF = YES;
				CLANG_WARN_OBJC_LITERAL_CONVERSION = YES;
				CLANG_WARN_OBJC_ROOT_CLASS = YES_ERROR;
				CLANG_WARN_QUOTED_INCLUDE_IN_FRAMEWORK_HEADER = YES;
				CLANG_WARN_RANGE_LOOP_ANALYSIS = YES;
				CLANG_WARN_STRICT_PROTOTYPES = YES;
				CLANG_WARN_SUSPICIOUS_MOVE = YES;
				CLANG_WARN_UNGUARDED_AVAILABILITY = YES_AGGRESSIVE;
				CLANG_WARN_UNREACHABLE_CODE = YES;
				CLANG_WARN__DUPLICATE_METHOD_MATCH = YES;
				COPY_PHASE_STRIP = NO;
				DEBUG_INFORMATION_FORMAT = "dwarf-with-dsym";
				ENABLE_NS_ASSERTIONS = NO;
				ENABLE_STRICT_OBJC_MSGSEND = YES;
				GCC_C_LANGUAGE_STANDARD = gnu11;
				GCC_NO_COMMON_BLOCKS = YES;
				GCC_WARN_64_TO_32_BIT_CONVERSION = YES;
				GCC_WARN_ABOUT_RETURN_TYPE = YES_ERROR;
				GCC_WARN_UNDECLARED_SELECTOR = YES;
				GCC_WARN_UNINITIALIZED_AUTOS = YES_AGGRESSIVE;
				GCC_WARN_UNUSED_FUNCTION = YES;
				GCC_WARN_UNUSED_VARIABLE = YES;
				IPHONEOS_DEPLOYMENT_TARGET = 14.5;
				MTL_ENABLE_DEBUG_INFO = NO;
				MTL_FAST_MATH = YES;
				SDKROOT = iphoneos;
				SWIFT_COMPILATION_MODE = wholemodule;
				SWIFT_OPTIMIZATION_LEVEL = "-O";
				VALIDATE_PRODUCT = YES;
			};
			name = Release;
		};
		CE9B57B128A57FA20063AC8A /* Debug */ = {
			isa = XCBuildConfiguration;
			buildSettings = {
				ASSETCATALOG_COMPILER_APPICON_NAME = AppIcon;
				ASSETCATALOG_COMPILER_GLOBAL_ACCENT_COLOR_NAME = AccentColor;
				CODE_SIGN_STYLE = Automatic;
				DEVELOPMENT_TEAM = 2PQNZ2TUC3;
				INFOPLIST_FILE = Project/Configuration/Info.plist;
				IPHONEOS_DEPLOYMENT_TARGET = 13.0;
				LD_RUNPATH_SEARCH_PATHS = (
					"$(inherited)",
					"@executable_path/Frameworks",
				);
				PRODUCT_BUNDLE_IDENTIFIER = ulkoart.Project;
				PRODUCT_NAME = "$(TARGET_NAME)";
				SWIFT_VERSION = 5.0;
				TARGETED_DEVICE_FAMILY = 1;
			};
			name = Debug;
		};
		CE9B57B228A57FA20063AC8A /* Release */ = {
			isa = XCBuildConfiguration;
			buildSettings = {
				ASSETCATALOG_COMPILER_APPICON_NAME = AppIcon;
				ASSETCATALOG_COMPILER_GLOBAL_ACCENT_COLOR_NAME = AccentColor;
				CODE_SIGN_STYLE = Automatic;
				DEVELOPMENT_TEAM = 2PQNZ2TUC3;
				INFOPLIST_FILE = Project/Configuration/Info.plist;
				IPHONEOS_DEPLOYMENT_TARGET = 13.0;
				LD_RUNPATH_SEARCH_PATHS = (
					"$(inherited)",
					"@executable_path/Frameworks",
				);
				PRODUCT_BUNDLE_IDENTIFIER = ulkoart.Project;
				PRODUCT_NAME = "$(TARGET_NAME)";
				SWIFT_VERSION = 5.0;
				TARGETED_DEVICE_FAMILY = 1;
			};
			name = Release;
		};
/* End XCBuildConfiguration section */

/* Begin XCConfigurationList section */
		9ADEE50128D0601200712D2A /* Build configuration list for PBXNativeTarget "ProjectTests" */ = {
			isa = XCConfigurationList;
			buildConfigurations = (
				9ADEE50228D0601200712D2A /* Debug */,
				9ADEE50328D0601200712D2A /* Release */,
			);
			defaultConfigurationIsVisible = 0;
			defaultConfigurationName = Release;
		};
		CE9B579728A57FA10063AC8A /* Build configuration list for PBXProject "Project" */ = {
			isa = XCConfigurationList;
			buildConfigurations = (
				CE9B57AE28A57FA20063AC8A /* Debug */,
				CE9B57AF28A57FA20063AC8A /* Release */,
			);
			defaultConfigurationIsVisible = 0;
			defaultConfigurationName = Release;
		};
		CE9B57B028A57FA20063AC8A /* Build configuration list for PBXNativeTarget "Project" */ = {
			isa = XCConfigurationList;
			buildConfigurations = (
				CE9B57B128A57FA20063AC8A /* Debug */,
				CE9B57B228A57FA20063AC8A /* Release */,
			);
			defaultConfigurationIsVisible = 0;
			defaultConfigurationName = Release;
		};
/* End XCConfigurationList section */
	};
	rootObject = CE9B579428A57FA10063AC8A /* Project object */;
}
